lockfileVersion: '9.0'

settings:
  autoInstallPeers: true
  excludeLinksFromLockfile: false

importers:

  .:
    dependencies:
      sandock:
        specifier: 2.4.0
        version: 2.4.0

packages:

  openapi-fetch@0.15.0:
    resolution: {integrity: sha512-OjQUdi61WO4HYhr9+byCPMj0+bgste/LtSBEcV6FzDdONTs7x0fWn8/ndoYwzqCsKWIxEZwo4FN/TG1c1rI8IQ==}

  openapi-typescript-helpers@0.0.15:
    resolution: {integrity: sha512-opyTPaunsklCBpTK8JGef6mfPhLSnyy5a0IN9vKtx3+4aExf+KxEqYwIy3hqkedXIB97u357uLMJsOnm3GVjsw==}

  sandock@2.4.0:
    resolution: {integrity: sha512-kOEGIkZTdBmKi/02n/DqN7NmOo0uzMkRVR4KK7AdoC/Pptta45jaaRHI2Zefk9x050j1X/3YEu6Oi/FQrz3X0w==}

  ws@8.21.3:
    resolution: {integrity: sha512-201TZ/kPWxoPr/OKWjquZR1SWKXcvxdH+e1xrx89b3YbmzLMFCLfnaG1HFIgWzJOEWZ7MvpK++odZufgYR50Rw==}
    engines: {node: '>=10.0.0'}
    peerDependencies:
      bufferutil: ^4.0.1
      utf-8-validate: '>=5.0.2'
    peerDependenciesMeta:
      bufferutil:
        optional: true
      utf-8-validate:
        optional: true

snapshots:

  openapi-fetch@0.15.0:
    dependencies:
      openapi-typescript-helpers: 0.0.15

  openapi-typescript-helpers@0.0.15: {}

  sandock@2.4.0:
    dependencies:
      openapi-fetch: 0.15.0
      ws: 8.21.3
    transitivePeerDependencies:
      - bufferutil
      - utf-8-validate

  ws@8.21.3: {}
